
Microsoft Visual Studio Solution File, Format Version 12.00
# Visual Studio Version 17
VisualStudioVersion = 17.5.33424.131
MinimumVisualStudioVersion = 10.0.40219.1
Project("{8BC9CEB8-8B4A-11D0-8D11-00A0C91BC942}") = "MbrStatic", "MbrStatic\MbrStatic.vcxproj", "{5D395AF7-F288-463E-B6C7-B27B41C176C8}"
EndProject
Project("{8BC9CEB8-8B4A-11D0-8D11-00A0C91BC942}") = "destruktor", "destruktor\destruktor.vcxproj", "{B318222A-A403-4B15-BEE0-681DF95C2FF3}"
EndProject
Project("{8BC9CEB8-8B4A-11D0-8D11-00A0C91BC942}") = "Konstruktor", "Konstruktor\Konstruktor.vcxproj", "{1BF331EC-205B-4587-AFEF-FA2421FE2869}"
EndProject
Project("{8BC9CEB8-8B4A-11D0-8D11-00A0C91BC942}") = "Chainfunction", "Chainfunction\Chainfunction.vcxproj", "{729AF12F-AD36-4FE0-800C-5222F6C727B0}"
EndProject
Project("{8BC9CEB8-8B4A-11D0-8D11-00A0C91BC942}") = "MbrStatikfunc", "MbrStatikfunc\MbrStatikfunc.vcxproj", "{84AD0E2E-95FE-42DA-9431-704C511B6928}"
EndProject
Global
	GlobalSection(SolutionConfigurationPlatforms) = preSolution
		Debug|x64 = Debug|x64
		Debug|x86 = Debug|x86
		Release|x64 = Release|x64
		Release|x86 = Release|x86
	EndGlobalSection
	GlobalSection(ProjectConfigurationPlatforms) = postSolution
		{5D395AF7-F288-463E-B6C7-B27B41C176C8}.Debug|x64.ActiveCfg = Debug|x64
		{5D395AF7-F288-463E-B6C7-B27B41C176C8}.Debug|x64.Build.0 = Debug|x64
		{5D395AF7-F288-463E-B6C7-B27B41C176C8}.Debug|x86.ActiveCfg = Debug|Win32
		{5D395AF7-F288-463E-B6C7-B27B41C176C8}.Debug|x86.Build.0 = Debug|Win32
		{5D395AF7-F288-463E-B6C7-B27B41C176C8}.Release|x64.ActiveCfg = Release|x64
		{5D395AF7-F288-463E-B6C7-B27B41C176C8}.Release|x64.Build.0 = Release|x64
		{5D395AF7-F288-463E-B6C7-B27B41C176C8}.Release|x86.ActiveCfg = Release|Win32
		{5D395AF7-F288-463E-B6C7-B27B41C176C8}.Release|x86.Build.0 = Release|Win32
		{B318222A-A403-4B15-BEE0-681DF95C2FF3}.Debug|x64.ActiveCfg = Debug|x64
		{B318222A-A403-4B15-BEE0-681DF95C2FF3}.Debug|x64.Build.0 = Debug|x64
		{B318222A-A403-4B15-BEE0-681DF95C2FF3}.Debug|x86.ActiveCfg = Debug|Win32
		{B318222A-A403-4B15-BEE0-681DF95C2FF3}.Debug|x86.Build.0 = Debug|Win32
		{B318222A-A403-4B15-BEE0-681DF95C2FF3}.Release|x64.ActiveCfg = Release|x64
		{B318222A-A403-4B15-BEE0-681DF95C2FF3}.Release|x64.Build.0 = Release|x64
		{B318222A-A403-4B15-BEE0-681DF95C2FF3}.Release|x86.ActiveCfg = Release|Win32
		{B318222A-A403-4B15-BEE0-681DF95C2FF3}.Release|x86.Build.0 = Release|Win32
		{1BF331EC-205B-4587-AFEF-FA2421FE2869}.Debug|x64.ActiveCfg = Debug|x64
		{1BF331EC-205B-4587-AFEF-FA2421FE2869}.Debug|x64.Build.0 = Debug|x64
		{1BF331EC-205B-4587-AFEF-FA2421FE2869}.Debug|x86.ActiveCfg = Debug|Win32
		{1BF331EC-205B-4587-AFEF-FA2421FE2869}.Debug|x86.Build.0 = Debug|Win32
		{1BF331EC-205B-4587-AFEF-FA2421FE2869}.Release|x64.ActiveCfg = Release|x64
		{1BF331EC-205B-4587-AFEF-FA2421FE2869}.Release|x64.Build.0 = Release|x64
		{1BF331EC-205B-4587-AFEF-FA2421FE2869}.Release|x86.ActiveCfg = Release|Win32
		{1BF331EC-205B-4587-AFEF-FA2421FE2869}.Release|x86.Build.0 = Release|Win32
		{729AF12F-AD36-4FE0-800C-5222F6C727B0}.Debug|x64.ActiveCfg = Debug|x64
		{729AF12F-AD36-4FE0-800C-5222F6C727B0}.Debug|x64.Build.0 = Debug|x64
		{729AF12F-AD36-4FE0-800C-5222F6C727B0}.Debug|x86.ActiveCfg = Debug|Win32
		{729AF12F-AD36-4FE0-800C-5222F6C727B0}.Debug|x86.Build.0 = Debug|Win32
		{729AF12F-AD36-4FE0-800C-5222F6C727B0}.Release|x64.ActiveCfg = Release|x64
		{729AF12F-AD36-4FE0-800C-5222F6C727B0}.Release|x64.Build.0 = Release|x64
		{729AF12F-AD36-4FE0-800C-5222F6C727B0}.Release|x86.ActiveCfg = Release|Win32
		{729AF12F-AD36-4FE0-800C-5222F6C727B0}.Release|x86.Build.0 = Release|Win32
		{84AD0E2E-95FE-42DA-9431-704C511B6928}.Debug|x64.ActiveCfg = Debug|x64
		{84AD0E2E-95FE-42DA-9431-704C511B6928}.Debug|x64.Build.0 = Debug|x64
		{84AD0E2E-95FE-42DA-9431-704C511B6928}.Debug|x86.ActiveCfg = Debug|Win32
		{84AD0E2E-95FE-42DA-9431-704C511B6928}.Debug|x86.Build.0 = Debug|Win32
		{84AD0E2E-95FE-42DA-9431-704C511B6928}.Release|x64.ActiveCfg = Release|x64
		{84AD0E2E-95FE-42DA-9431-704C511B6928}.Release|x64.Build.0 = Release|x64
		{84AD0E2E-95FE-42DA-9431-704C511B6928}.Release|x86.ActiveCfg = Release|Win32
		{84AD0E2E-95FE-42DA-9431-704C511B6928}.Release|x86.Build.0 = Release|Win32
	EndGlobalSection
	GlobalSection(SolutionProperties) = preSolution
		HideSolutionNode = FALSE
	EndGlobalSection
	GlobalSection(ExtensibilityGlobals) = postSolution
		SolutionGuid = {6BE0B604-DE4C-42F9-B68C-92B9ED9F7313}
	EndGlobalSection
EndGlobal
